
Microsoft Visual Studio Solution File, Format Version 12.00
# Visual Studio 15
VisualStudioVersion = 15.0.28307.1022
MinimumVisualStudioVersion = 10.0.40219.1
Project("{FAE04EC0-301F-11D3-BF4B-00C04F79EFBC}") = "gbddApp", "gbddApp\gbddApp.csproj", "{08EED85A-96CA-47C8-A962-90224241F1EB}"
EndProject
Global
	GlobalSection(SolutionConfigurationPlatforms) = preSolution
		Debug|Any CPU = Debug|Any CPU
		Release|Any CPU = Release|Any CPU
	EndGlobalSection
	GlobalSection(ProjectConfigurationPlatforms) = postSolution
		{08EED85A-96CA-47C8-A962-90224241F1EB}.Debug|Any CPU.ActiveCfg = Debug|Any CPU
		{08EED85A-96CA-47C8-A962-90224241F1EB}.Debug|Any CPU.Build.0 = Debug|Any CPU
		{08EED85A-96CA-47C8-A962-90224241F1EB}.Release|Any CPU.ActiveCfg = Release|Any CPU
		{08EED85A-96CA-47C8-A962-90224241F1EB}.Release|Any CPU.Build.0 = Release|Any CPU
	EndGlobalSection
	GlobalSection(SolutionProperties) = preSolution
		HideSolutionNode = FALSE
	EndGlobalSection
	GlobalSection(ExtensibilityGlobals) = postSolution
		SolutionGuid = {17563C72-3DDA-4816-B926-9F188BDDBE71}
	EndGlobalSection
EndGlobal
